{
  "name": "is-open-comment",
  "version": "0.1.1",
  "lockfileVersion": 1,
  "requires": true,
  "dependencies": {
    "ansi-256-colors": {
      "version": "1.1.0",
      "resolved": "https://registry.npmjs.org/ansi-256-colors/-/ansi-256-colors-1.1.0.tgz",
      "integrity": "sha1-kQ3lDvzHwJ49gvL4er1rcAwYgYo=",
      "dev": true
    },
    "clean-stack": {
      "version": "1.3.0",
      "resolved": "https://registry.npmjs.org/clean-stack/-/clean-stack-1.3.0.tgz",
      "integrity": "sha1-noIVAa6XmYbEax1m0tQy2y/UrjE=",
      "dev": true
    },
    "glob-regex": {
      "version": "0.0.1",
      "resolved": "https://registry.npmjs.org/glob-regex/-/glob-regex-0.0.1.tgz",
      "integrity": "sha512-Ik1vbXr9pUBqHYX7RGugpoX4bpcPPJjQb2Q33zPU4Jd7oRkLU9zv9S0Q4k7Qc1Yibd/ko3tkmrCPPzeDMvcyqQ==",
      "dev": true
    },
    "huey": {
      "version": "github:aleclarson/huey#dbcceda654c6fa319f1a467264282247db4b62a0",
      "from": "huey@github:aleclarson/huey#dbcceda654c6fa319f1a467264282247db4b62a0",
      "dev": true,
      "requires": {
        "ansi-256-colors": "1.1.0"
      }
    },
    "is-object": {
      "version": "1.0.1",
      "resolved": "https://registry.npmjs.org/is-object/-/is-object-1.0.1.tgz",
      "integrity": "sha1-iVJojF7C/9awPsyF52ngKQMINHA=",
      "dev": true
    },
    "is-set": {
      "version": "1.0.0",
      "resolved": "https://registry.npmjs.org/is-set/-/is-set-1.0.0.tgz",
      "integrity": "sha1-2l+T458IO7tO/S6/lSiu2HrnACg=",
      "dev": true
    },
    "source-map": {
      "version": "0.6.1",
      "resolved": "https://registry.npmjs.org/source-map/-/source-map-0.6.1.tgz",
      "integrity": "sha512-UjgapumWlbMhkBgzT7Ykc5YXUT46F0iKu8SGXq0bcwP5dz/h0Plj6enJqjz1Zbq2l5WaqYnrVbwWOWMyF3F47g==",
      "dev": true
    },
    "source-map-support": {
      "version": "0.5.0",
      "resolved": "https://registry.npmjs.org/source-map-support/-/source-map-support-0.5.0.tgz",
      "integrity": "sha512-vUoN3I7fHQe0R/SJLKRdKYuEdRGogsviXFkHHo17AWaTGv17VLnxw+CFXvqy+y4ORZ3doWLQcxRYfwKrsd/H7Q==",
      "dev": true,
      "requires": {
        "source-map": "0.6.1"
      }
    },
    "testpass": {
      "version": "0.0.8",
      "resolved": "https://registry.npmjs.org/testpass/-/testpass-0.0.8.tgz",
      "integrity": "sha512-XDTHXhRYzU3gR4DBDszidsbtxpRIS+9eAHuwJBIF7+8F6GPny9hmIKMldTC/vVvU/TZegBHE48vZt8Oz1XvNaw==",
      "dev": true,
      "requires": {
        "clean-stack": "1.3.0",
        "glob-regex": "0.0.1",
        "huey": "github:aleclarson/huey#dbcceda654c6fa319f1a467264282247db4b62a0",
        "is-object": "1.0.1",
        "is-set": "1.0.0",
        "source-map-support": "0.5.0"
      }
    }
  }
}
